uuid: 3104efea-0c18-48eb-83e2-9983a8e49002
langcode: en
status: true
dependencies:
  module:
    - campuschampions
  theme:
    - champions
id: champions_campuschampionsbannerblock
theme: champions
region: campus_champions_front_header
weight: 0
provider: null
plugin: campus_champions_block
settings:
  id: campus_champions_block
  label: 'Campus Champions Banner block'
  label_display: '0'
  provider: campuschampions
visibility: {  }
