uuid: 0c4afd66-d026-4dd4-8cb7-5a3ed1fe7547
langcode: en
status: true
dependencies:
  module:
    - access
  theme:
    - aspTheme
id: aspTheme_eligibilitybannerblock
theme: aspTheme
region: cta
weight: -50
provider: null
plugin: eligibility_banner_block
settings:
  id: eligibility_banner_block
  label: 'ACCESS Eligibility Banner'
  label_display: '0'
  provider: access
visibility: {  }
