uuid: 51f2f13d-43ca-43f7-b1fe-bae890ceb61c
langcode: en
status: true
dependencies:
  module:
    - campuschampions
  theme:
    - nect
id: campuschampionsbannerblock
theme: nect
region: campus_champions_front_header
weight: 0
provider: null
plugin: campus_champions_block
settings:
  id: campus_champions_block
  label: 'Campus Champions Banner block'
  label_display: '0'
  provider: campuschampions
visibility: {  }
