uuid: 1aa16133-7d35-4c2d-ad15-4f0c0ebfb937
langcode: en
status: true
dependencies:
  module:
    - access_news
    - domain
    - system
  theme:
    - accesstheme
id: requestanewspostblock
theme: accesstheme
region: sidebar_second
weight: 0
provider: null
plugin: requestnews_block
settings:
  id: requestnews_block
  label: 'Request a News Post block'
  label_display: '0'
  provider: access_news
visibility:
  domain:
    id: domain
    negate: false
    context_mapping:
      domain: '@domain.current_domain_context:domain'
    domains:
      nectd8_wpi_edu: nectd8_wpi_edu
      amp_cyberinfrastructure_org: amp_cyberinfrastructure_org
  request_path:
    id: request_path
    negate: false
    pages: /news
