uuid: 091d48da-1a16-4c8d-99c8-593d2ddb4505
langcode: en
status: true
dependencies:
  module:
    - campuschampions
  theme:
    - champions
id: champions_campuschampionsbannerblock
theme: champions
region: campus_champions_front_header
weight: 0
provider: null
plugin: campus_champions_block
settings:
  id: campus_champions_block
  label: 'Campus Champions Banner block'
  label_display: '0'
  provider: campuschampions
visibility: {  }
