uuid: a52c438c-fb01-4997-a0a4-69653876b014
langcode: en
status: true
dependencies:
  module:
    - access_match_engagement
    - node
    - system
  theme:
    - accesstheme
id: accessmatchnodeblock
theme: accesstheme
region: sidebar_second
weight: 0
provider: null
plugin: match_node_block
settings:
  id: match_node_block
  label: 'Access Match Node Block'
  label_display: '0'
  provider: access_match_engagement
visibility:
  'entity_bundle:node':
    id: 'entity_bundle:node'
    negate: false
    context_mapping:
      node: '@node.node_route_context:node'
    bundles:
      match_engagement: match_engagement
  request_path:
    id: request_path
    negate: true
    pages: '/node/*/edit'
