uuid: b3ae82f0-2774-4b47-8520-e216baec3a55
langcode: en
status: true
dependencies:
  content:
    - 'block_content:basic:753eedff-9bab-4e99-b4ad-b5c8d8a107e0'
  module:
    - block_content
    - system
  theme:
    - aspTheme
id: cilinkintroblock
theme: aspTheme
region: title_banner
weight: -30
provider: null
plugin: 'block_content:753eedff-9bab-4e99-b4ad-b5c8d8a107e0'
settings:
  id: 'block_content:753eedff-9bab-4e99-b4ad-b5c8d8a107e0'
  label: 'KB Resources Intro block'
  label_display: '0'
  provider: block_content
  status: true
  info: ''
  view_mode: full
visibility:
  request_path:
    id: request_path
    negate: false
    pages: /knowledge-base/resources
