uuid: 7874ee90-b795-46c8-a2c6-d94728869ce7
langcode: en
status: true
dependencies:
  module:
    - campuschampions
  theme:
    - ccmnet
id: ccmnet_campuschampionsbannerblock
theme: ccmnet
region: campus_champions_front_header
weight: 0
provider: null
plugin: campus_champions_block
settings:
  id: campus_champions_block
  label: 'Campus Champions Banner block'
  label_display: '0'
  provider: campuschampions
visibility: {  }
