uuid: e00ca992-b12b-4498-8def-6b2b876960cb
langcode: en
status: true
dependencies:
  content:
    - 'block_content:basic:753eedff-9bab-4e99-b4ad-b5c8d8a107e0'
  module:
    - block_content
    - system
  theme:
    - champions
id: champions_cilinkintroblock
theme: champions
region: below_title_page_top
weight: -91
provider: null
plugin: 'block_content:753eedff-9bab-4e99-b4ad-b5c8d8a107e0'
settings:
  id: 'block_content:753eedff-9bab-4e99-b4ad-b5c8d8a107e0'
  label: 'KB Resource Intro block'
  label_display: '0'
  provider: block_content
  status: true
  info: ''
  view_mode: full
visibility:
  request_path:
    id: request_path
    negate: false
    pages: /knowledge-base/resources
