uuid: c15a057a-c895-4147-a46f-e89529fe8857
langcode: en
status: true
dependencies:
  content:
    - 'block_content:basic:4b4dcf79-35b8-4dbe-8c67-c3ea5a85bf06'
  module:
    - block_content
    - system
  theme:
    - accesstheme
id: communitypersonacssnstaticblock
theme: accesstheme
region: sidebar_first
weight: -23
provider: null
plugin: 'block_content:4b4dcf79-35b8-4dbe-8c67-c3ea5a85bf06'
settings:
  id: 'block_content:4b4dcf79-35b8-4dbe-8c67-c3ea5a85bf06'
  label: 'Community Persona - cssn static block'
  label_display: '0'
  provider: block_content
  status: true
  info: ''
  view_mode: full
visibility:
  request_path:
    id: request_path
    negate: false
    pages: /community-persona
