uuid: 00f107de-4823-44e3-a2d6-be0080b69d3a
langcode: en
status: true
dependencies:
  content:
    - 'block_content:basic:753eedff-9bab-4e99-b4ad-b5c8d8a107e0'
  module:
    - block_content
    - system
  theme:
    - ood
id: ood_cilinkintroblock
theme: ood
region: below_title_page_top
weight: 0
provider: null
plugin: 'block_content:753eedff-9bab-4e99-b4ad-b5c8d8a107e0'
settings:
  id: 'block_content:753eedff-9bab-4e99-b4ad-b5c8d8a107e0'
  label: 'KB Resources Intro block'
  label_display: '0'
  provider: block_content
  status: true
  info: ''
  view_mode: full
visibility:
  request_path:
    id: request_path
    negate: false
    pages: /knowledge-base/resources
